
Microsoft Visual Studio Solution File, Format Version 12.00
# Visual Studio Version 17
VisualStudioVersion = 17.5.33502.453
MinimumVisualStudioVersion = 10.0.40219.1
Project("{FAE04EC0-301F-11D3-BF4B-00C04F79EFBC}") = "Ass3", "Ass3\Ass3.csproj", "{4C737597-CF6F-437C-BE3D-D2F37091F538}"
EndProject
Global
	GlobalSection(SolutionConfigurationPlatforms) = preSolution
		Debug|Any CPU = Debug|Any CPU
		Release|Any CPU = Release|Any CPU
	EndGlobalSection
	GlobalSection(ProjectConfigurationPlatforms) = postSolution
		{4C737597-CF6F-437C-BE3D-D2F37091F538}.Debug|Any CPU.ActiveCfg = Debug|Any CPU
		{4C737597-CF6F-437C-BE3D-D2F37091F538}.Debug|Any CPU.Build.0 = Debug|Any CPU
		{4C737597-CF6F-437C-BE3D-D2F37091F538}.Release|Any CPU.ActiveCfg = Release|Any CPU
		{4C737597-CF6F-437C-BE3D-D2F37091F538}.Release|Any CPU.Build.0 = Release|Any CPU
	EndGlobalSection
	GlobalSection(SolutionProperties) = preSolution
		HideSolutionNode = FALSE
	EndGlobalSection
	GlobalSection(ExtensibilityGlobals) = postSolution
		SolutionGuid = {8B6FE75B-5419-4E5F-B488-CD7D98B93AE3}
	EndGlobalSection
EndGlobal
